
Microsoft Visual Studio Solution File, Format Version 12.00
# Visual Studio Version 17
VisualStudioVersion = 17.6.33723.286
MinimumVisualStudioVersion = 10.0.40219.1
Project("{FAE04EC0-301F-11D3-BF4B-00C04F79EFBC}") = "WorkNotes", "WorkNotes\WorkNotes.csproj", "{CE68CDC7-02D2-4AE4-931D-548749A6CF41}"
EndProject
Global
	GlobalSection(SolutionConfigurationPlatforms) = preSolution
		Debug|Any CPU = Debug|Any CPU
		Release|Any CPU = Release|Any CPU
	EndGlobalSection
	GlobalSection(ProjectConfigurationPlatforms) = postSolution
		{CE68CDC7-02D2-4AE4-931D-548749A6CF41}.Debug|Any CPU.ActiveCfg = Debug|Any CPU
		{CE68CDC7-02D2-4AE4-931D-548749A6CF41}.Debug|Any CPU.Build.0 = Debug|Any CPU
		{CE68CDC7-02D2-4AE4-931D-548749A6CF41}.Release|Any CPU.ActiveCfg = Release|Any CPU
		{CE68CDC7-02D2-4AE4-931D-548749A6CF41}.Release|Any CPU.Build.0 = Release|Any CPU
	EndGlobalSection
	GlobalSection(SolutionProperties) = preSolution
		HideSolutionNode = FALSE
	EndGlobalSection
	GlobalSection(ExtensibilityGlobals) = postSolution
		SolutionGuid = {C852ACD9-BADA-4B2F-B3D3-5EDBF7456091}
	EndGlobalSection
EndGlobal
